# THIS IS AN AUTOGENERATED FILE. DO NOT EDIT THIS FILE DIRECTLY.
# yarn lockfile v1


"@jscad/modeling@^2.5.0":
  version "2.5.0"
  resolved "https://registry.yarnpkg.com/@jscad/modeling/-/modeling-2.5.0.tgz#8da7de4f271f86ab5d87b565b54054c7ff656bb5"
  integrity sha512-lFPbCfsY5yeN/vvgAe+1a95LUdrHT1HtoVieQdbVMF1SdcjvpSbXWcvEJNokHLZZAq0AP+678uPyx0KsCoH2GA==
